
Microsoft Visual Studio Solution File, Format Version 12.00
# Visual Studio Version 16
VisualStudioVersion = 16.0.31829.152
MinimumVisualStudioVersion = 10.0.40219.1
Project("{FAE04EC0-301F-11D3-BF4B-00C04F79EFBC}") = "ConsoleUI", "ConsoleUI\ConsoleUI.csproj", "{F7650E84-1E75-4ECC-BD57-88F5FE05060F}"
EndProject
Project("{FAE04EC0-301F-11D3-BF4B-00C04F79EFBC}") = "DemoLibrary", "DemoLibrary\DemoLibrary.csproj", "{90458FD0-9A48-4EF3-A612-9237735892D8}"
EndProject
Global
	GlobalSection(SolutionConfigurationPlatforms) = preSolution
		Debug|Any CPU = Debug|Any CPU
		Release|Any CPU = Release|Any CPU
	EndGlobalSection
	GlobalSection(ProjectConfigurationPlatforms) = postSolution
		{F7650E84-1E75-4ECC-BD57-88F5FE05060F}.Debug|Any CPU.ActiveCfg = Debug|Any CPU
		{F7650E84-1E75-4ECC-BD57-88F5FE05060F}.Debug|Any CPU.Build.0 = Debug|Any CPU
		{F7650E84-1E75-4ECC-BD57-88F5FE05060F}.Release|Any CPU.ActiveCfg = Release|Any CPU
		{F7650E84-1E75-4ECC-BD57-88F5FE05060F}.Release|Any CPU.Build.0 = Release|Any CPU
		{90458FD0-9A48-4EF3-A612-9237735892D8}.Debug|Any CPU.ActiveCfg = Debug|Any CPU
		{90458FD0-9A48-4EF3-A612-9237735892D8}.Debug|Any CPU.Build.0 = Debug|Any CPU
		{90458FD0-9A48-4EF3-A612-9237735892D8}.Release|Any CPU.ActiveCfg = Release|Any CPU
		{90458FD0-9A48-4EF3-A612-9237735892D8}.Release|Any CPU.Build.0 = Release|Any CPU
	EndGlobalSection
	GlobalSection(SolutionProperties) = preSolution
		HideSolutionNode = FALSE
	EndGlobalSection
	GlobalSection(ExtensibilityGlobals) = postSolution
		SolutionGuid = {F2689E7A-E112-43E1-9238-E2D77B647805}
	EndGlobalSection
EndGlobal
